PODS:
  - CMDataSync (0.1.0):
    - CocoaAsyncSocket
  - CocoaAsyncSocket (7.6.5)

DEPENDENCIES:
  - CMDataSync (from `../`)

SPEC REPOS:
  trunk:
    - CocoaAsyncSocket

EXTERNAL SOURCES:
  CMDataSync:
    :path: "../"

SPEC CHECKSUMS:
  CMDataSync: 88300926439ef6df4ef5c27014e10d9839a6869a
  CocoaAsyncSocket: 065fd1e645c7abab64f7a6a2007a48038fdc6a99

PODFILE CHECKSUM: 1536ade7e26085771cfbd7ab11a47f10c7790e82

COCOAPODS: 1.11.2
